hash: d6bf7b055f26b5f4a77e2f709e733d477ff3b4f1a56c11e957ca04914d9c3a9f
updated: 2017-05-03T16:06:09.6198376-07:00
imports:
- name: github.com/asdine/storm
  version: e8518cc1200f320e508639491f9390b9c7c37970
  subpackages:
  - codec
  - codec/json
  - index
  - internal
  - q
- name: github.com/boltdb/bolt
  version: e9cf4fae01b5a8ff89d0ec6b32f0d9c9f79aefdd
- name: github.com/btcsuite/btclog
  version: 73889fb79bd687870312b6e40effcecffbd57d30
- name: github.com/btcsuite/go-socks
  version: 4720035b7bfd2a9bb130b1c184f8bbe41b6f0d0f
  subpackages:
  - socks
- name: github.com/btcsuite/seelog
  version: 313961b101eb55f65ae0f03ddd4e322731763b6c
- name: github.com/btcsuite/websocket
  version: 31079b6807923eb23992c421b114992b95131b55
- name: github.com/decred/blake256
  version: a840e32d7c31fe2e0218607334cb120a683951a4
- name: github.com/decred/dcrd
  version: f656ceb652c8a31d3534e15dfa97dcc1956fa3bd
  subpackages:
  - blockchain/stake
  - blockchain/stake/internal/dbnamespace
  - blockchain/stake/internal/ticketdb
  - blockchain/stake/internal/tickettreap
  - chaincfg
  - chaincfg/chainec
  - chaincfg/chainhash
  - database
  - dcrec/edwards
  - dcrec/secp256k1
  - dcrec/secp256k1/schnorr
  - dcrjson
  - txscript
  - wire
- name: github.com/decred/dcrrpcclient
  version: d6edcb0f8f2d01fbf9169f240f73756b41423189
- name: github.com/decred/dcrutil
  version: ebd2e98736e819ac043d54439969b30144b92ced
  subpackages:
  - base58
- name: github.com/decred/ed25519
  version: b0909d3f798b97a03c9e77023f97a5301a2a7900
  subpackages:
  - edwards25519
- name: github.com/emirpasic/gods
  version: f6c17b524822278a87e3b3bd809fec33b51f5b46
  subpackages:
  - containers
  - trees
  - trees/redblacktree
  - utils
- name: golang.org/x/crypto
  version: 04eae0b62feaaf659a0ce2c4e8dc70b6ae2fff67
  subpackages:
  - ripemd160
- name: golang.org/x/sys
  version: 9ccfe848b9db8435a24c424abbc07a921adf1df5
  subpackages:
  - unix
testImports: []
