hash: 4dae735f99ad535dbcaf145fb5b77faf842f87ef4e783ab2ace2adf811f46ca5
updated: 2017-09-19T14:31:08.026273792-04:00
imports:
- name: github.com/agl/ed25519
  version: 5312a61534124124185d41f09206b9fef1d88403
  subpackages:
  - edwards25519
- name: github.com/asdine/storm
  version: 2da548c16156b3197728372bff5614033084aff5
  subpackages:
  - codec
  - codec/json
  - index
  - internal
  - q
- name: github.com/boltdb/bolt
  version: fa5367d20c994db73282594be0146ab221657943
- name: github.com/btcsuite/btclog
  version: 84c8d2346e9fc8c7b947e243b9c24e6df9fd206a
- name: github.com/btcsuite/go-socks
  version: 4720035b7bfd2a9bb130b1c184f8bbe41b6f0d0f
  subpackages:
  - socks
- name: github.com/btcsuite/websocket
  version: 31079b6807923eb23992c421b114992b95131b55
- name: github.com/dchest/blake256
  version: dee3fe6eb0e98dc774a94fc231f85baf7c29d360
- name: github.com/decred/dcrd
  version: 3f366fbc17354cf701e325a15d4094f5dbed6158
  subpackages:
  - blockchain/stake
  - blockchain/stake/internal/dbnamespace
  - blockchain/stake/internal/ticketdb
  - blockchain/stake/internal/tickettreap
  - chaincfg
  - chaincfg/chainec
  - chaincfg/chainhash
  - database
  - dcrec/edwards
  - dcrec/secp256k1
  - dcrec/secp256k1/schnorr
  - dcrjson
  - txscript
  - wire
- name: github.com/decred/dcrrpcclient
  version: bd992834efae9f8a81842221a634f4af22b77a0f
- name: github.com/decred/dcrutil
  version: ddbde93f65ab0692e54ed8a5ad325fa2e8af4daa
  subpackages:
  - base58
- name: github.com/jessevdk/go-flags
  version: 96dc06278ce32a0e9d957d590bb987c81ee66407
- name: golang.org/x/crypto
  version: 7d9177d70076375b9a59c8fde23d52d9c4a7ecd5
  subpackages:
  - ripemd160
- name: golang.org/x/sys
  version: b6e1ae21643682ce023deb8d152024597b0e9bb4
  subpackages:
  - unix
testImports: []
